
Microsoft Visual Studio Solution File, Format Version 12.00
# Visual Studio Version 17
VisualStudioVersion = 17.7.34202.233
MinimumVisualStudioVersion = 10.0.40219.1
Project("{FAE04EC0-301F-11D3-BF4B-00C04F79EFBC}") = "EtherscanAssessment", "EtherscanAssessment.csproj", "{9A83A20E-3DE9-44D4-BE84-1F9510561D70}"
EndProject
Project("{FAE04EC0-301F-11D3-BF4B-00C04F79EFBC}") = "UpdateTokenPrice", "..\UpdateTokenPrice\UpdateTokenPrice.csproj", "{AE213D17-590F-4A2E-ABEA-72D5169CCE70}"
EndProject
Global
	GlobalSection(SolutionConfigurationPlatforms) = preSolution
		Debug|Any CPU = Debug|Any CPU
		Release|Any CPU = Release|Any CPU
	EndGlobalSection
	GlobalSection(ProjectConfigurationPlatforms) = postSolution
		{9A83A20E-3DE9-44D4-BE84-1F9510561D70}.Debug|Any CPU.ActiveCfg = Debug|Any CPU
		{9A83A20E-3DE9-44D4-BE84-1F9510561D70}.Debug|Any CPU.Build.0 = Debug|Any CPU
		{9A83A20E-3DE9-44D4-BE84-1F9510561D70}.Release|Any CPU.ActiveCfg = Release|Any CPU
		{9A83A20E-3DE9-44D4-BE84-1F9510561D70}.Release|Any CPU.Build.0 = Release|Any CPU
		{AE213D17-590F-4A2E-ABEA-72D5169CCE70}.Debug|Any CPU.ActiveCfg = Debug|Any CPU
		{AE213D17-590F-4A2E-ABEA-72D5169CCE70}.Debug|Any CPU.Build.0 = Debug|Any CPU
		{AE213D17-590F-4A2E-ABEA-72D5169CCE70}.Release|Any CPU.ActiveCfg = Release|Any CPU
		{AE213D17-590F-4A2E-ABEA-72D5169CCE70}.Release|Any CPU.Build.0 = Release|Any CPU
	EndGlobalSection
	GlobalSection(SolutionProperties) = preSolution
		HideSolutionNode = FALSE
	EndGlobalSection
	GlobalSection(ExtensibilityGlobals) = postSolution
		SolutionGuid = {F8BD0D9A-5C21-4D1B-BAAE-9CAFC329FE82}
	EndGlobalSection
EndGlobal
